
Microsoft Visual Studio Solution File, Format Version 12.00
# Visual Studio Version 17
VisualStudioVersion = 17.11.35312.102
MinimumVisualStudioVersion = 10.0.40219.1
Project("{9A19103F-16F7-4668-BE54-9A1E7A4F7556}") = "TestRestWebApi", "TestRestWebApi\TestRestWebApi.csproj", "{A459D1CB-19DB-49A7-A0F5-76A268F09930}"
EndProject
Global
	GlobalSection(SolutionConfigurationPlatforms) = preSolution
		Debug|Any CPU = Debug|Any CPU
		Release|Any CPU = Release|Any CPU
	EndGlobalSection
	GlobalSection(ProjectConfigurationPlatforms) = postSolution
		{A459D1CB-19DB-49A7-A0F5-76A268F09930}.Debug|Any CPU.ActiveCfg = Debug|Any CPU
		{A459D1CB-19DB-49A7-A0F5-76A268F09930}.Debug|Any CPU.Build.0 = Debug|Any CPU
		{A459D1CB-19DB-49A7-A0F5-76A268F09930}.Release|Any CPU.ActiveCfg = Release|Any CPU
		{A459D1CB-19DB-49A7-A0F5-76A268F09930}.Release|Any CPU.Build.0 = Release|Any CPU
	EndGlobalSection
	GlobalSection(SolutionProperties) = preSolution
		HideSolutionNode = FALSE
	EndGlobalSection
	GlobalSection(ExtensibilityGlobals) = postSolution
		SolutionGuid = {40FEC5C5-EB35-4521-98AC-3DB08C28AFF5}
	EndGlobalSection
EndGlobal
